
Microsoft Visual Studio Solution File, Format Version 12.00
# Visual Studio Version 17
VisualStudioVersion = 17.5.002.0
MinimumVisualStudioVersion = 10.0.40219.1
Project("{2150E333-8FDC-42A3-9474-1A3956D46DE8}") = "week01", "week01", "{BF9DABBE-3041-439A-8D86-4C048B849246}"
EndProject
Project("{9A19103F-16F7-4668-BE54-9A1E7A4F7556}") = "code", "week01\code\code.csproj", "{024F0F61-DC88-4D82-A079-437FAF0B8517}"
EndProject
Project("{9A19103F-16F7-4668-BE54-9A1E7A4F7556}") = "analyze", "week01\analyze\analyze.csproj", "{72273143-33AE-4F5E-9B17-4127A4A73E26}"
EndProject
Project("{9A19103F-16F7-4668-BE54-9A1E7A4F7556}") = "teach", "week01\teach\teach.csproj", "{078119CF-A0DB-4E8D-9B75-5FA4E85A943F}"
EndProject
Project("{2150E333-8FDC-42A3-9474-1A3956D46DE8}") = "week06", "week06", "{AD7413A9-6970-4582-BADA-1E43D9799E8D}"
EndProject
Project("{9A19103F-16F7-4668-BE54-9A1E7A4F7556}") = "code", "week06\code\code.csproj", "{D8CB2E42-50E3-4D68-A911-96AEC7580BDD}"
EndProject
Project("{2150E333-8FDC-42A3-9474-1A3956D46DE8}") = "sandbox", "sandbox", "{7B42F70E-B873-4171-8401-6303600F725E}"
EndProject
Project("{9A19103F-16F7-4668-BE54-9A1E7A4F7556}") = "sandbox_project", "sandbox\sandbox_project\sandbox_project.csproj", "{2E5FC80F-EAE4-4F7C-8F94-3F9E3ABE352F}"
EndProject
Project("{2150E333-8FDC-42A3-9474-1A3956D46DE8}") = "week05", "week05", "{32BF3083-B975-4594-8758-E1D43A2DB581}"
EndProject
Project("{9A19103F-16F7-4668-BE54-9A1E7A4F7556}") = "code", "week05\code\code.csproj", "{572D2CD5-5F73-48F7-AEF9-99342F4C3944}"
EndProject
Project("{2150E333-8FDC-42A3-9474-1A3956D46DE8}") = "week02", "week02", "{912950FC-6561-4676-9EEC-556E4F98325F}"
EndProject
Project("{9A19103F-16F7-4668-BE54-9A1E7A4F7556}") = "learn", "week02\learn\learn.csproj", "{E1269920-8D83-4B15-B9C8-422D40B7FF7E}"
EndProject
Project("{9A19103F-16F7-4668-BE54-9A1E7A4F7556}") = "code", "week02\code\code.csproj", "{6F68C9AF-B224-4C05-A7FB-CF943097D63B}"
EndProject
Project("{9A19103F-16F7-4668-BE54-9A1E7A4F7556}") = "analyze", "week02\analyze\analyze.csproj", "{7EBD5FD0-1178-44CC-8A22-861B528CE949}"
EndProject
Project("{9A19103F-16F7-4668-BE54-9A1E7A4F7556}") = "teach", "week02\teach\teach.csproj", "{51A58B47-A27F-465A-85EC-B75F2AA08F67}"
EndProject
Project("{2150E333-8FDC-42A3-9474-1A3956D46DE8}") = "week03", "week03", "{A3C21D45-3275-4BE5-AB8B-B63BA4C0FA3C}"
EndProject
Project("{9A19103F-16F7-4668-BE54-9A1E7A4F7556}") = "learn", "week03\learn\learn.csproj", "{AD3E2935-D1CF-48E7-B71C-64FEE3E187A4}"
EndProject
Project("{9A19103F-16F7-4668-BE54-9A1E7A4F7556}") = "code", "week03\code\code.csproj", "{1F2957E7-BF40-4E24-8D31-8DF20AED4593}"
EndProject
Project("{9A19103F-16F7-4668-BE54-9A1E7A4F7556}") = "teach", "week03\teach\teach.csproj", "{B15D36ED-5950-47EE-A24F-2854615DC925}"
EndProject
Project("{2150E333-8FDC-42A3-9474-1A3956D46DE8}") = "week04", "week04", "{65E9A002-1F26-4702-BDF7-137982C69D8F}"
EndProject
Project("{9A19103F-16F7-4668-BE54-9A1E7A4F7556}") = "code", "week04\code\code.csproj", "{35EC3CFF-1873-4F60-A7BE-98F0C67DBE1F}"
EndProject
Global
	GlobalSection(SolutionConfigurationPlatforms) = preSolution
		Debug|Any CPU = Debug|Any CPU
		Release|Any CPU = Release|Any CPU
	EndGlobalSection
	GlobalSection(ProjectConfigurationPlatforms) = postSolution
		{024F0F61-DC88-4D82-A079-437FAF0B8517}.Debug|Any CPU.ActiveCfg = Debug|Any CPU
		{024F0F61-DC88-4D82-A079-437FAF0B8517}.Debug|Any CPU.Build.0 = Debug|Any CPU
		{024F0F61-DC88-4D82-A079-437FAF0B8517}.Release|Any CPU.ActiveCfg = Release|Any CPU
		{024F0F61-DC88-4D82-A079-437FAF0B8517}.Release|Any CPU.Build.0 = Release|Any CPU
		{72273143-33AE-4F5E-9B17-4127A4A73E26}.Debug|Any CPU.ActiveCfg = Debug|Any CPU
		{72273143-33AE-4F5E-9B17-4127A4A73E26}.Debug|Any CPU.Build.0 = Debug|Any CPU
		{72273143-33AE-4F5E-9B17-4127A4A73E26}.Release|Any CPU.ActiveCfg = Release|Any CPU
		{72273143-33AE-4F5E-9B17-4127A4A73E26}.Release|Any CPU.Build.0 = Release|Any CPU
		{078119CF-A0DB-4E8D-9B75-5FA4E85A943F}.Debug|Any CPU.ActiveCfg = Debug|Any CPU
		{078119CF-A0DB-4E8D-9B75-5FA4E85A943F}.Debug|Any CPU.Build.0 = Debug|Any CPU
		{078119CF-A0DB-4E8D-9B75-5FA4E85A943F}.Release|Any CPU.ActiveCfg = Release|Any CPU
		{078119CF-A0DB-4E8D-9B75-5FA4E85A943F}.Release|Any CPU.Build.0 = Release|Any CPU
		{D8CB2E42-50E3-4D68-A911-96AEC7580BDD}.Debug|Any CPU.ActiveCfg = Debug|Any CPU
		{D8CB2E42-50E3-4D68-A911-96AEC7580BDD}.Debug|Any CPU.Build.0 = Debug|Any CPU
		{D8CB2E42-50E3-4D68-A911-96AEC7580BDD}.Release|Any CPU.ActiveCfg = Release|Any CPU
		{D8CB2E42-50E3-4D68-A911-96AEC7580BDD}.Release|Any CPU.Build.0 = Release|Any CPU
		{2E5FC80F-EAE4-4F7C-8F94-3F9E3ABE352F}.Debug|Any CPU.ActiveCfg = Debug|Any CPU
		{2E5FC80F-EAE4-4F7C-8F94-3F9E3ABE352F}.Debug|Any CPU.Build.0 = Debug|Any CPU
		{2E5FC80F-EAE4-4F7C-8F94-3F9E3ABE352F}.Release|Any CPU.ActiveCfg = Release|Any CPU
		{2E5FC80F-EAE4-4F7C-8F94-3F9E3ABE352F}.Release|Any CPU.Build.0 = Release|Any CPU
		{572D2CD5-5F73-48F7-AEF9-99342F4C3944}.Debug|Any CPU.ActiveCfg = Debug|Any CPU
		{572D2CD5-5F73-48F7-AEF9-99342F4C3944}.Debug|Any CPU.Build.0 = Debug|Any CPU
		{572D2CD5-5F73-48F7-AEF9-99342F4C3944}.Release|Any CPU.ActiveCfg = Release|Any CPU
		{572D2CD5-5F73-48F7-AEF9-99342F4C3944}.Release|Any CPU.Build.0 = Release|Any CPU
		{E1269920-8D83-4B15-B9C8-422D40B7FF7E}.Debug|Any CPU.ActiveCfg = Debug|Any CPU
		{E1269920-8D83-4B15-B9C8-422D40B7FF7E}.Debug|Any CPU.Build.0 = Debug|Any CPU
		{E1269920-8D83-4B15-B9C8-422D40B7FF7E}.Release|Any CPU.ActiveCfg = Release|Any CPU
		{E1269920-8D83-4B15-B9C8-422D40B7FF7E}.Release|Any CPU.Build.0 = Release|Any CPU
		{6F68C9AF-B224-4C05-A7FB-CF943097D63B}.Debug|Any CPU.ActiveCfg = Debug|Any CPU
		{6F68C9AF-B224-4C05-A7FB-CF943097D63B}.Debug|Any CPU.Build.0 = Debug|Any CPU
		{6F68C9AF-B224-4C05-A7FB-CF943097D63B}.Release|Any CPU.ActiveCfg = Release|Any CPU
		{6F68C9AF-B224-4C05-A7FB-CF943097D63B}.Release|Any CPU.Build.0 = Release|Any CPU
		{7EBD5FD0-1178-44CC-8A22-861B528CE949}.Debug|Any CPU.ActiveCfg = Debug|Any CPU
		{7EBD5FD0-1178-44CC-8A22-861B528CE949}.Debug|Any CPU.Build.0 = Debug|Any CPU
		{7EBD5FD0-1178-44CC-8A22-861B528CE949}.Release|Any CPU.ActiveCfg = Release|Any CPU
		{7EBD5FD0-1178-44CC-8A22-861B528CE949}.Release|Any CPU.Build.0 = Release|Any CPU
		{51A58B47-A27F-465A-85EC-B75F2AA08F67}.Debug|Any CPU.ActiveCfg = Debug|Any CPU
		{51A58B47-A27F-465A-85EC-B75F2AA08F67}.Debug|Any CPU.Build.0 = Debug|Any CPU
		{51A58B47-A27F-465A-85EC-B75F2AA08F67}.Release|Any CPU.ActiveCfg = Release|Any CPU
		{51A58B47-A27F-465A-85EC-B75F2AA08F67}.Release|Any CPU.Build.0 = Release|Any CPU
		{AD3E2935-D1CF-48E7-B71C-64FEE3E187A4}.Debug|Any CPU.ActiveCfg = Debug|Any CPU
		{AD3E2935-D1CF-48E7-B71C-64FEE3E187A4}.Debug|Any CPU.Build.0 = Debug|Any CPU
		{AD3E2935-D1CF-48E7-B71C-64FEE3E187A4}.Release|Any CPU.ActiveCfg = Release|Any CPU
		{AD3E2935-D1CF-48E7-B71C-64FEE3E187A4}.Release|Any CPU.Build.0 = Release|Any CPU
		{1F2957E7-BF40-4E24-8D31-8DF20AED4593}.Debug|Any CPU.ActiveCfg = Debug|Any CPU
		{1F2957E7-BF40-4E24-8D31-8DF20AED4593}.Debug|Any CPU.Build.0 = Debug|Any CPU
		{1F2957E7-BF40-4E24-8D31-8DF20AED4593}.Release|Any CPU.ActiveCfg = Release|Any CPU
		{1F2957E7-BF40-4E24-8D31-8DF20AED4593}.Release|Any CPU.Build.0 = Release|Any CPU
		{B15D36ED-5950-47EE-A24F-2854615DC925}.Debug|Any CPU.ActiveCfg = Debug|Any CPU
		{B15D36ED-5950-47EE-A24F-2854615DC925}.Debug|Any CPU.Build.0 = Debug|Any CPU
		{B15D36ED-5950-47EE-A24F-2854615DC925}.Release|Any CPU.ActiveCfg = Release|Any CPU
		{B15D36ED-5950-47EE-A24F-2854615DC925}.Release|Any CPU.Build.0 = Release|Any CPU
		{35EC3CFF-1873-4F60-A7BE-98F0C67DBE1F}.Debug|Any CPU.ActiveCfg = Debug|Any CPU
		{35EC3CFF-1873-4F60-A7BE-98F0C67DBE1F}.Debug|Any CPU.Build.0 = Debug|Any CPU
		{35EC3CFF-1873-4F60-A7BE-98F0C67DBE1F}.Release|Any CPU.ActiveCfg = Release|Any CPU
		{35EC3CFF-1873-4F60-A7BE-98F0C67DBE1F}.Release|Any CPU.Build.0 = Release|Any CPU
	EndGlobalSection
	GlobalSection(SolutionProperties) = preSolution
		HideSolutionNode = FALSE
	EndGlobalSection
	GlobalSection(NestedProjects) = preSolution
		{024F0F61-DC88-4D82-A079-437FAF0B8517} = {BF9DABBE-3041-439A-8D86-4C048B849246}
		{72273143-33AE-4F5E-9B17-4127A4A73E26} = {BF9DABBE-3041-439A-8D86-4C048B849246}
		{078119CF-A0DB-4E8D-9B75-5FA4E85A943F} = {BF9DABBE-3041-439A-8D86-4C048B849246}
		{D8CB2E42-50E3-4D68-A911-96AEC7580BDD} = {AD7413A9-6970-4582-BADA-1E43D9799E8D}
		{2E5FC80F-EAE4-4F7C-8F94-3F9E3ABE352F} = {7B42F70E-B873-4171-8401-6303600F725E}
		{572D2CD5-5F73-48F7-AEF9-99342F4C3944} = {32BF3083-B975-4594-8758-E1D43A2DB581}
		{E1269920-8D83-4B15-B9C8-422D40B7FF7E} = {912950FC-6561-4676-9EEC-556E4F98325F}
		{6F68C9AF-B224-4C05-A7FB-CF943097D63B} = {912950FC-6561-4676-9EEC-556E4F98325F}
		{7EBD5FD0-1178-44CC-8A22-861B528CE949} = {912950FC-6561-4676-9EEC-556E4F98325F}
		{51A58B47-A27F-465A-85EC-B75F2AA08F67} = {912950FC-6561-4676-9EEC-556E4F98325F}
		{AD3E2935-D1CF-48E7-B71C-64FEE3E187A4} = {A3C21D45-3275-4BE5-AB8B-B63BA4C0FA3C}
		{1F2957E7-BF40-4E24-8D31-8DF20AED4593} = {A3C21D45-3275-4BE5-AB8B-B63BA4C0FA3C}
		{B15D36ED-5950-47EE-A24F-2854615DC925} = {A3C21D45-3275-4BE5-AB8B-B63BA4C0FA3C}
		{35EC3CFF-1873-4F60-A7BE-98F0C67DBE1F} = {65E9A002-1F26-4702-BDF7-137982C69D8F}
	EndGlobalSection
	GlobalSection(ExtensibilityGlobals) = postSolution
		SolutionGuid = {2A83AD57-D2E5-4882-8BEF-C631FAC15909}
	EndGlobalSection
EndGlobal
